
Microsoft Visual Studio Solution File, Format Version 12.00
# Visual Studio Version 16
VisualStudioVersion = 16.0.30204.135
MinimumVisualStudioVersion = 10.0.40219.1
Project("{FAE04EC0-301F-11D3-BF4B-00C04F79EFBC}") = "ContaBancaria", "ContaBancaria.csproj", "{F399F298-1D1D-4FA7-8D34-B39FBE711173}"
EndProject
Global
	GlobalSection(SolutionConfigurationPlatforms) = preSolution
		Debug|Any CPU = Debug|Any CPU
		Release|Any CPU = Release|Any CPU
	EndGlobalSection
	GlobalSection(ProjectConfigurationPlatforms) = postSolution
		{F399F298-1D1D-4FA7-8D34-B39FBE711173}.Debug|Any CPU.ActiveCfg = Debug|Any CPU
		{F399F298-1D1D-4FA7-8D34-B39FBE711173}.Debug|Any CPU.Build.0 = Debug|Any CPU
		{F399F298-1D1D-4FA7-8D34-B39FBE711173}.Release|Any CPU.ActiveCfg = Release|Any CPU
		{F399F298-1D1D-4FA7-8D34-B39FBE711173}.Release|Any CPU.Build.0 = Release|Any CPU
	EndGlobalSection
	GlobalSection(SolutionProperties) = preSolution
		HideSolutionNode = FALSE
	EndGlobalSection
	GlobalSection(ExtensibilityGlobals) = postSolution
		SolutionGuid = {EFE56495-4396-4CF6-BB81-335E0D55D761}
	EndGlobalSection
EndGlobal
